
Microsoft Visual Studio Solution File, Format Version 12.00
# Visual Studio Version 16
VisualStudioVersion = 16.0.30204.135
MinimumVisualStudioVersion = 10.0.40219.1
Project("{FAE04EC0-301F-11D3-BF4B-00C04F79EFBC}") = "SDSDSoftwareApplication", "SDSDSoftwareApplication\SDSDSoftwareApplication.csproj", "{91402BBE-AEF6-4078-B776-977FEA4AD034}"
EndProject
Global
	GlobalSection(SolutionConfigurationPlatforms) = preSolution
		Debug|Any CPU = Debug|Any CPU
		Release|Any CPU = Release|Any CPU
	EndGlobalSection
	GlobalSection(ProjectConfigurationPlatforms) = postSolution
		{91402BBE-AEF6-4078-B776-977FEA4AD034}.Debug|Any CPU.ActiveCfg = Debug|Any CPU
		{91402BBE-AEF6-4078-B776-977FEA4AD034}.Debug|Any CPU.Build.0 = Debug|Any CPU
		{91402BBE-AEF6-4078-B776-977FEA4AD034}.Release|Any CPU.ActiveCfg = Release|Any CPU
		{91402BBE-AEF6-4078-B776-977FEA4AD034}.Release|Any CPU.Build.0 = Release|Any CPU
	EndGlobalSection
	GlobalSection(SolutionProperties) = preSolution
		HideSolutionNode = FALSE
	EndGlobalSection
	GlobalSection(ExtensibilityGlobals) = postSolution
		SolutionGuid = {E38FC9B4-F9F9-4C6F-B228-A90EE415CC8F}
	EndGlobalSection
EndGlobal
